
Microsoft Visual Studio Solution File, Format Version 12.00
# Visual Studio Version 17
VisualStudioVersion = 17.8.34330.188
MinimumVisualStudioVersion = 10.0.40219.1
Project("{FAE04EC0-301F-11D3-BF4B-00C04F79EFBC}") = "Nimapinfotech", "Nimapinfotech\Nimapinfotech.csproj", "{DBA7D5B5-0EBE-4A5D-BE6A-0BBD196D91EF}"
EndProject
Global
	GlobalSection(SolutionConfigurationPlatforms) = preSolution
		Debug|Any CPU = Debug|Any CPU
		Release|Any CPU = Release|Any CPU
	EndGlobalSection
	GlobalSection(ProjectConfigurationPlatforms) = postSolution
		{DBA7D5B5-0EBE-4A5D-BE6A-0BBD196D91EF}.Debug|Any CPU.ActiveCfg = Debug|Any CPU
		{DBA7D5B5-0EBE-4A5D-BE6A-0BBD196D91EF}.Debug|Any CPU.Build.0 = Debug|Any CPU
		{DBA7D5B5-0EBE-4A5D-BE6A-0BBD196D91EF}.Release|Any CPU.ActiveCfg = Release|Any CPU
		{DBA7D5B5-0EBE-4A5D-BE6A-0BBD196D91EF}.Release|Any CPU.Build.0 = Release|Any CPU
	EndGlobalSection
	GlobalSection(SolutionProperties) = preSolution
		HideSolutionNode = FALSE
	EndGlobalSection
	GlobalSection(ExtensibilityGlobals) = postSolution
		SolutionGuid = {E1DEF277-DA02-471B-A866-0DC56A62E41D}
	EndGlobalSection
EndGlobal
